
Microsoft Visual Studio Solution File, Format Version 12.00
# Visual Studio Version 16
VisualStudioVersion = 16.0.31515.178
MinimumVisualStudioVersion = 10.0.40219.1
Project("{FAE04EC0-301F-11D3-BF4B-00C04F79EFBC}") = "Final_Updated_Code_Assessment", "Final_Updated_Code_Assessment.csproj", "{4F7D0D95-FD4A-4341-ADD0-F970C4875D00}"
EndProject
Global
	GlobalSection(SolutionConfigurationPlatforms) = preSolution
		Debug|Any CPU = Debug|Any CPU
		Release|Any CPU = Release|Any CPU
	EndGlobalSection
	GlobalSection(ProjectConfigurationPlatforms) = postSolution
		{4F7D0D95-FD4A-4341-ADD0-F970C4875D00}.Debug|Any CPU.ActiveCfg = Debug|Any CPU
		{4F7D0D95-FD4A-4341-ADD0-F970C4875D00}.Debug|Any CPU.Build.0 = Debug|Any CPU
		{4F7D0D95-FD4A-4341-ADD0-F970C4875D00}.Release|Any CPU.ActiveCfg = Release|Any CPU
		{4F7D0D95-FD4A-4341-ADD0-F970C4875D00}.Release|Any CPU.Build.0 = Release|Any CPU
	EndGlobalSection
	GlobalSection(SolutionProperties) = preSolution
		HideSolutionNode = FALSE
	EndGlobalSection
	GlobalSection(ExtensibilityGlobals) = postSolution
		SolutionGuid = {A22146A1-F8C7-4107-8AA5-F30487F04AE6}
	EndGlobalSection
EndGlobal
